
Microsoft Visual Studio Solution File, Format Version 12.00
# Visual Studio 15
VisualStudioVersion = 15.0.27924.0
MinimumVisualStudioVersion = 10.0.40219.1
Project("{F2A71F9B-5D33-465A-A702-920D77279786}") = "QuanTif.IO", "QuanTif.IO\QuanTif.IO.fsproj", "{C6700A71-64EF-4640-930F-8AFC31708159}"
EndProject
Project("{2150E333-8FDC-42A3-9474-1A3956D46DE8}") = "Solution Items", "Solution Items", "{8CD4225A-D05F-4585-8EE3-2D23E523AC79}"
	ProjectSection(SolutionItems) = preProject
		readme.md = readme.md
		Script1.fsx = Script1.fsx
		Script2.fsx = Script2.fsx
		Script3.fsx = Script3.fsx
		Script4.fsx = Script4.fsx
		Script5.fsx = Script5.fsx
		Script6.fsx = Script6.fsx
		ToDo.txt = ToDo.txt
	EndProjectSection
EndProject
Project("{F2A71F9B-5D33-465A-A702-920D77279786}") = "ConsoleApplication1", "ConsoleApplication1\ConsoleApplication1.fsproj", "{6607021C-560A-4456-859E-310B436A6797}"
EndProject
Project("{F2A71F9B-5D33-465A-A702-920D77279786}") = "QuanTif.Trading", "QuanTif.Trading\QuanTif.Trading.fsproj", "{4C38BDBA-B508-432F-9E17-3000E65234DA}"
EndProject
Project("{F2A71F9B-5D33-465A-A702-920D77279786}") = "QuanTif.Feed", "QuanTif.Feed\QuanTif.Feed.fsproj", "{42363C4D-53F0-4C2A-8C81-53911568DFC2}"
EndProject
Project("{F2A71F9B-5D33-465A-A702-920D77279786}") = "QuanTif.Common", "QuanTif.Common\QuanTif.Common.fsproj", "{979F07C8-3901-4ED9-A329-B6D97544001C}"
EndProject
Project("{8BC9CEB8-8B4A-11D0-8D11-00A0C91BC942}") = "QuanTif.Cpp.Win32", "QuanTif.Cpp.Win32\QuanTif.Cpp.Win32.vcxproj", "{671EFB45-62C4-4AFE-91BB-DF2DBF473A33}"
EndProject
Project("{8BC9CEB8-8B4A-11D0-8D11-00A0C91BC942}") = "QuanTif.Cpp.CLI", "QuanTif.Cpp.CLI\QuanTif.Cpp.CLI.vcxproj", "{0838BE32-4BF2-435C-BF10-69E6579F19A0}"
EndProject
Project("{8BC9CEB8-8B4A-11D0-8D11-00A0C91BC942}") = "QuanTif.x64", "QuanTif.x64\QuanTif.x64.vcxproj", "{78B37C5D-617E-4243-AFA1-E3E4E2B4EFAB}"
EndProject
Project("{8BC9CEB8-8B4A-11D0-8D11-00A0C91BC942}") = "ConsoleApplication2", "ConsoleApplication2\ConsoleApplication2.vcxproj", "{C5F1D43B-1918-4E86-8CD3-F91D79391CF9}"
EndProject
Project("{F2A71F9B-5D33-465A-A702-920D77279786}") = "ConsoleApplication3", "ConsoleApplication3\ConsoleApplication3.fsproj", "{F2D05B4F-4D47-4238-8444-B4568E29551F}"
EndProject
Project("{F2A71F9B-5D33-465A-A702-920D77279786}") = "QuanTif.ML", "QuanTif.ML\QuanTif.ML.fsproj", "{2C5843E3-D031-43BE-A4E4-D2C092807409}"
EndProject
Project("{FAE04EC0-301F-11D3-BF4B-00C04F79EFBC}") = "ClassLibrary1", "ClassLibrary1\ClassLibrary1.csproj", "{05F02879-1364-4504-9E1A-1795D108BB41}"
EndProject
Global
	GlobalSection(SolutionConfigurationPlatforms) = preSolution
		Debug|Any CPU = Debug|Any CPU
		Debug|x64 = Debug|x64
		Debug|x86 = Debug|x86
		Release|Any CPU = Release|Any CPU
		Release|x64 = Release|x64
		Release|x86 = Release|x86
	EndGlobalSection
	GlobalSection(ProjectConfigurationPlatforms) = postSolution
		{C6700A71-64EF-4640-930F-8AFC31708159}.Debug|Any CPU.ActiveCfg = Debug|Any CPU
		{C6700A71-64EF-4640-930F-8AFC31708159}.Debug|Any CPU.Build.0 = Debug|Any CPU
		{C6700A71-64EF-4640-930F-8AFC31708159}.Debug|x64.ActiveCfg = Debug|Any CPU
		{C6700A71-64EF-4640-930F-8AFC31708159}.Debug|x64.Build.0 = Debug|Any CPU
		{C6700A71-64EF-4640-930F-8AFC31708159}.Debug|x86.ActiveCfg = Debug|Any CPU
		{C6700A71-64EF-4640-930F-8AFC31708159}.Debug|x86.Build.0 = Debug|Any CPU
		{C6700A71-64EF-4640-930F-8AFC31708159}.Release|Any CPU.ActiveCfg = Release|Any CPU
		{C6700A71-64EF-4640-930F-8AFC31708159}.Release|Any CPU.Build.0 = Release|Any CPU
		{C6700A71-64EF-4640-930F-8AFC31708159}.Release|x64.ActiveCfg = Release|Any CPU
		{C6700A71-64EF-4640-930F-8AFC31708159}.Release|x64.Build.0 = Release|Any CPU
		{C6700A71-64EF-4640-930F-8AFC31708159}.Release|x86.ActiveCfg = Release|Any CPU
		{C6700A71-64EF-4640-930F-8AFC31708159}.Release|x86.Build.0 = Release|Any CPU
		{6607021C-560A-4456-859E-310B436A6797}.Debug|Any CPU.ActiveCfg = Debug|Any CPU
		{6607021C-560A-4456-859E-310B436A6797}.Debug|Any CPU.Build.0 = Debug|Any CPU
		{6607021C-560A-4456-859E-310B436A6797}.Debug|x64.ActiveCfg = Debug|Any CPU
		{6607021C-560A-4456-859E-310B436A6797}.Debug|x86.ActiveCfg = Debug|Any CPU
		{6607021C-560A-4456-859E-310B436A6797}.Release|Any CPU.ActiveCfg = Release|Any CPU
		{6607021C-560A-4456-859E-310B436A6797}.Release|Any CPU.Build.0 = Release|Any CPU
		{6607021C-560A-4456-859E-310B436A6797}.Release|x64.ActiveCfg = Release|Any CPU
		{6607021C-560A-4456-859E-310B436A6797}.Release|x86.ActiveCfg = Release|Any CPU
		{4C38BDBA-B508-432F-9E17-3000E65234DA}.Debug|Any CPU.ActiveCfg = Debug|Any CPU
		{4C38BDBA-B508-432F-9E17-3000E65234DA}.Debug|Any CPU.Build.0 = Debug|Any CPU
		{4C38BDBA-B508-432F-9E17-3000E65234DA}.Debug|x64.ActiveCfg = Debug|Any CPU
		{4C38BDBA-B508-432F-9E17-3000E65234DA}.Debug|x64.Build.0 = Debug|Any CPU
		{4C38BDBA-B508-432F-9E17-3000E65234DA}.Debug|x86.ActiveCfg = Debug|Any CPU
		{4C38BDBA-B508-432F-9E17-3000E65234DA}.Debug|x86.Build.0 = Debug|Any CPU
		{4C38BDBA-B508-432F-9E17-3000E65234DA}.Release|Any CPU.ActiveCfg = Release|Any CPU
		{4C38BDBA-B508-432F-9E17-3000E65234DA}.Release|Any CPU.Build.0 = Release|Any CPU
		{4C38BDBA-B508-432F-9E17-3000E65234DA}.Release|x64.ActiveCfg = Release|Any CPU
		{4C38BDBA-B508-432F-9E17-3000E65234DA}.Release|x64.Build.0 = Release|Any CPU
		{4C38BDBA-B508-432F-9E17-3000E65234DA}.Release|x86.ActiveCfg = Release|Any CPU
		{4C38BDBA-B508-432F-9E17-3000E65234DA}.Release|x86.Build.0 = Release|Any CPU
		{42363C4D-53F0-4C2A-8C81-53911568DFC2}.Debug|Any CPU.ActiveCfg = Debug|Any CPU
		{42363C4D-53F0-4C2A-8C81-53911568DFC2}.Debug|Any CPU.Build.0 = Debug|Any CPU
		{42363C4D-53F0-4C2A-8C81-53911568DFC2}.Debug|x64.ActiveCfg = Debug|Any CPU
		{42363C4D-53F0-4C2A-8C81-53911568DFC2}.Debug|x64.Build.0 = Debug|Any CPU
		{42363C4D-53F0-4C2A-8C81-53911568DFC2}.Debug|x86.ActiveCfg = Debug|Any CPU
		{42363C4D-53F0-4C2A-8C81-53911568DFC2}.Debug|x86.Build.0 = Debug|Any CPU
		{42363C4D-53F0-4C2A-8C81-53911568DFC2}.Release|Any CPU.ActiveCfg = Release|Any CPU
		{42363C4D-53F0-4C2A-8C81-53911568DFC2}.Release|Any CPU.Build.0 = Release|Any CPU
		{42363C4D-53F0-4C2A-8C81-53911568DFC2}.Release|x64.ActiveCfg = Release|Any CPU
		{42363C4D-53F0-4C2A-8C81-53911568DFC2}.Release|x64.Build.0 = Release|Any CPU
		{42363C4D-53F0-4C2A-8C81-53911568DFC2}.Release|x86.ActiveCfg = Release|Any CPU
		{42363C4D-53F0-4C2A-8C81-53911568DFC2}.Release|x86.Build.0 = Release|Any CPU
		{979F07C8-3901-4ED9-A329-B6D97544001C}.Debug|Any CPU.ActiveCfg = Debug|Any CPU
		{979F07C8-3901-4ED9-A329-B6D97544001C}.Debug|Any CPU.Build.0 = Debug|Any CPU
		{979F07C8-3901-4ED9-A329-B6D97544001C}.Debug|x64.ActiveCfg = Debug|Any CPU
		{979F07C8-3901-4ED9-A329-B6D97544001C}.Debug|x64.Build.0 = Debug|Any CPU
		{979F07C8-3901-4ED9-A329-B6D97544001C}.Debug|x86.ActiveCfg = Debug|Any CPU
		{979F07C8-3901-4ED9-A329-B6D97544001C}.Debug|x86.Build.0 = Debug|Any CPU
		{979F07C8-3901-4ED9-A329-B6D97544001C}.Release|Any CPU.ActiveCfg = Release|Any CPU
		{979F07C8-3901-4ED9-A329-B6D97544001C}.Release|Any CPU.Build.0 = Release|Any CPU
		{979F07C8-3901-4ED9-A329-B6D97544001C}.Release|x64.ActiveCfg = Release|Any CPU
		{979F07C8-3901-4ED9-A329-B6D97544001C}.Release|x64.Build.0 = Release|Any CPU
		{979F07C8-3901-4ED9-A329-B6D97544001C}.Release|x86.ActiveCfg = Release|Any CPU
		{979F07C8-3901-4ED9-A329-B6D97544001C}.Release|x86.Build.0 = Release|Any CPU
		{671EFB45-62C4-4AFE-91BB-DF2DBF473A33}.Debug|Any CPU.ActiveCfg = Debug|x64
		{671EFB45-62C4-4AFE-91BB-DF2DBF473A33}.Debug|x64.ActiveCfg = Debug|x64
		{671EFB45-62C4-4AFE-91BB-DF2DBF473A33}.Debug|x64.Build.0 = Debug|x64
		{671EFB45-62C4-4AFE-91BB-DF2DBF473A33}.Debug|x86.ActiveCfg = Debug|Win32
		{671EFB45-62C4-4AFE-91BB-DF2DBF473A33}.Debug|x86.Build.0 = Debug|Win32
		{671EFB45-62C4-4AFE-91BB-DF2DBF473A33}.Release|Any CPU.ActiveCfg = Release|Win32
		{671EFB45-62C4-4AFE-91BB-DF2DBF473A33}.Release|x64.ActiveCfg = Release|x64
		{671EFB45-62C4-4AFE-91BB-DF2DBF473A33}.Release|x64.Build.0 = Release|x64
		{671EFB45-62C4-4AFE-91BB-DF2DBF473A33}.Release|x86.ActiveCfg = Release|Win32
		{671EFB45-62C4-4AFE-91BB-DF2DBF473A33}.Release|x86.Build.0 = Release|Win32
		{0838BE32-4BF2-435C-BF10-69E6579F19A0}.Debug|Any CPU.ActiveCfg = Debug|x64
		{0838BE32-4BF2-435C-BF10-69E6579F19A0}.Debug|x64.ActiveCfg = Debug|x64
		{0838BE32-4BF2-435C-BF10-69E6579F19A0}.Debug|x64.Build.0 = Debug|x64
		{0838BE32-4BF2-435C-BF10-69E6579F19A0}.Debug|x86.ActiveCfg = Debug|Win32
		{0838BE32-4BF2-435C-BF10-69E6579F19A0}.Debug|x86.Build.0 = Debug|Win32
		{0838BE32-4BF2-435C-BF10-69E6579F19A0}.Release|Any CPU.ActiveCfg = Release|Win32
		{0838BE32-4BF2-435C-BF10-69E6579F19A0}.Release|x64.ActiveCfg = Release|x64
		{0838BE32-4BF2-435C-BF10-69E6579F19A0}.Release|x64.Build.0 = Release|x64
		{0838BE32-4BF2-435C-BF10-69E6579F19A0}.Release|x86.ActiveCfg = Release|Win32
		{0838BE32-4BF2-435C-BF10-69E6579F19A0}.Release|x86.Build.0 = Release|Win32
		{78B37C5D-617E-4243-AFA1-E3E4E2B4EFAB}.Debug|Any CPU.ActiveCfg = Debug|Win32
		{78B37C5D-617E-4243-AFA1-E3E4E2B4EFAB}.Debug|x64.ActiveCfg = Debug|x64
		{78B37C5D-617E-4243-AFA1-E3E4E2B4EFAB}.Debug|x64.Build.0 = Debug|x64
		{78B37C5D-617E-4243-AFA1-E3E4E2B4EFAB}.Debug|x86.ActiveCfg = Debug|Win32
		{78B37C5D-617E-4243-AFA1-E3E4E2B4EFAB}.Debug|x86.Build.0 = Debug|Win32
		{78B37C5D-617E-4243-AFA1-E3E4E2B4EFAB}.Release|Any CPU.ActiveCfg = Release|Win32
		{78B37C5D-617E-4243-AFA1-E3E4E2B4EFAB}.Release|x64.ActiveCfg = Release|x64
		{78B37C5D-617E-4243-AFA1-E3E4E2B4EFAB}.Release|x64.Build.0 = Release|x64
		{78B37C5D-617E-4243-AFA1-E3E4E2B4EFAB}.Release|x86.ActiveCfg = Release|Win32
		{78B37C5D-617E-4243-AFA1-E3E4E2B4EFAB}.Release|x86.Build.0 = Release|Win32
		{C5F1D43B-1918-4E86-8CD3-F91D79391CF9}.Debug|Any CPU.ActiveCfg = Debug|Win32
		{C5F1D43B-1918-4E86-8CD3-F91D79391CF9}.Debug|x64.ActiveCfg = Debug|x64
		{C5F1D43B-1918-4E86-8CD3-F91D79391CF9}.Debug|x64.Build.0 = Debug|x64
		{C5F1D43B-1918-4E86-8CD3-F91D79391CF9}.Debug|x86.ActiveCfg = Debug|Win32
		{C5F1D43B-1918-4E86-8CD3-F91D79391CF9}.Debug|x86.Build.0 = Debug|Win32
		{C5F1D43B-1918-4E86-8CD3-F91D79391CF9}.Release|Any CPU.ActiveCfg = Release|Win32
		{C5F1D43B-1918-4E86-8CD3-F91D79391CF9}.Release|x64.ActiveCfg = Release|x64
		{C5F1D43B-1918-4E86-8CD3-F91D79391CF9}.Release|x64.Build.0 = Release|x64
		{C5F1D43B-1918-4E86-8CD3-F91D79391CF9}.Release|x86.ActiveCfg = Release|Win32
		{C5F1D43B-1918-4E86-8CD3-F91D79391CF9}.Release|x86.Build.0 = Release|Win32
		{F2D05B4F-4D47-4238-8444-B4568E29551F}.Debug|Any CPU.ActiveCfg = Debug|x64
		{F2D05B4F-4D47-4238-8444-B4568E29551F}.Debug|Any CPU.Build.0 = Debug|x64
		{F2D05B4F-4D47-4238-8444-B4568E29551F}.Debug|x64.ActiveCfg = Debug|x64
		{F2D05B4F-4D47-4238-8444-B4568E29551F}.Debug|x64.Build.0 = Debug|x64
		{F2D05B4F-4D47-4238-8444-B4568E29551F}.Debug|x86.ActiveCfg = Debug|Any CPU
		{F2D05B4F-4D47-4238-8444-B4568E29551F}.Debug|x86.Build.0 = Debug|Any CPU
		{F2D05B4F-4D47-4238-8444-B4568E29551F}.Release|Any CPU.ActiveCfg = Release|Any CPU
		{F2D05B4F-4D47-4238-8444-B4568E29551F}.Release|Any CPU.Build.0 = Release|Any CPU
		{F2D05B4F-4D47-4238-8444-B4568E29551F}.Release|x64.ActiveCfg = Release|Any CPU
		{F2D05B4F-4D47-4238-8444-B4568E29551F}.Release|x64.Build.0 = Release|Any CPU
		{F2D05B4F-4D47-4238-8444-B4568E29551F}.Release|x86.ActiveCfg = Release|Any CPU
		{F2D05B4F-4D47-4238-8444-B4568E29551F}.Release|x86.Build.0 = Release|Any CPU
		{2C5843E3-D031-43BE-A4E4-D2C092807409}.Debug|Any CPU.ActiveCfg = Debug|Any CPU
		{2C5843E3-D031-43BE-A4E4-D2C092807409}.Debug|Any CPU.Build.0 = Debug|Any CPU
		{2C5843E3-D031-43BE-A4E4-D2C092807409}.Debug|x64.ActiveCfg = Debug|Any CPU
		{2C5843E3-D031-43BE-A4E4-D2C092807409}.Debug|x64.Build.0 = Debug|Any CPU
		{2C5843E3-D031-43BE-A4E4-D2C092807409}.Debug|x86.ActiveCfg = Debug|Any CPU
		{2C5843E3-D031-43BE-A4E4-D2C092807409}.Debug|x86.Build.0 = Debug|Any CPU
		{2C5843E3-D031-43BE-A4E4-D2C092807409}.Release|Any CPU.ActiveCfg = Release|Any CPU
		{2C5843E3-D031-43BE-A4E4-D2C092807409}.Release|Any CPU.Build.0 = Release|Any CPU
		{2C5843E3-D031-43BE-A4E4-D2C092807409}.Release|x64.ActiveCfg = Release|Any CPU
		{2C5843E3-D031-43BE-A4E4-D2C092807409}.Release|x64.Build.0 = Release|Any CPU
		{2C5843E3-D031-43BE-A4E4-D2C092807409}.Release|x86.ActiveCfg = Release|Any CPU
		{2C5843E3-D031-43BE-A4E4-D2C092807409}.Release|x86.Build.0 = Release|Any CPU
		{05F02879-1364-4504-9E1A-1795D108BB41}.Debug|Any CPU.ActiveCfg = Debug|Any CPU
		{05F02879-1364-4504-9E1A-1795D108BB41}.Debug|Any CPU.Build.0 = Debug|Any CPU
		{05F02879-1364-4504-9E1A-1795D108BB41}.Debug|x64.ActiveCfg = Debug|Any CPU
		{05F02879-1364-4504-9E1A-1795D108BB41}.Debug|x64.Build.0 = Debug|Any CPU
		{05F02879-1364-4504-9E1A-1795D108BB41}.Debug|x86.ActiveCfg = Debug|Any CPU
		{05F02879-1364-4504-9E1A-1795D108BB41}.Debug|x86.Build.0 = Debug|Any CPU
		{05F02879-1364-4504-9E1A-1795D108BB41}.Release|Any CPU.ActiveCfg = Release|Any CPU
		{05F02879-1364-4504-9E1A-1795D108BB41}.Release|Any CPU.Build.0 = Release|Any CPU
		{05F02879-1364-4504-9E1A-1795D108BB41}.Release|x64.ActiveCfg = Release|Any CPU
		{05F02879-1364-4504-9E1A-1795D108BB41}.Release|x64.Build.0 = Release|Any CPU
		{05F02879-1364-4504-9E1A-1795D108BB41}.Release|x86.ActiveCfg = Release|Any CPU
		{05F02879-1364-4504-9E1A-1795D108BB41}.Release|x86.Build.0 = Release|Any CPU
	EndGlobalSection
	GlobalSection(SolutionProperties) = preSolution
		HideSolutionNode = FALSE
	EndGlobalSection
	GlobalSection(ExtensibilityGlobals) = postSolution
		SolutionGuid = {F070E000-D5CD-4F52-BDDB-A779054E183D}
	EndGlobalSection
EndGlobal
